
Microsoft Visual Studio Solution File, Format Version 11.00
# Visual C# Express 2010
Project("{FAE04EC0-301F-11D3-BF4B-00C04F79EFBC}") = "job53", "job53\job53.csproj", "{455B64AE-CB25-4C1A-B4B3-2242E84FF986}"
EndProject
Global
	GlobalSection(SolutionConfigurationPlatforms) = preSolution
		Debug|x86 = Debug|x86
		Release|x86 = Release|x86
	EndGlobalSection
	GlobalSection(ProjectConfigurationPlatforms) = postSolution
		{455B64AE-CB25-4C1A-B4B3-2242E84FF986}.Debug|x86.ActiveCfg = Debug|x86
		{455B64AE-CB25-4C1A-B4B3-2242E84FF986}.Debug|x86.Build.0 = Debug|x86
		{455B64AE-CB25-4C1A-B4B3-2242E84FF986}.Release|x86.ActiveCfg = Release|x86
		{455B64AE-CB25-4C1A-B4B3-2242E84FF986}.Release|x86.Build.0 = Release|x86
	EndGlobalSection
	GlobalSection(SolutionProperties) = preSolution
		HideSolutionNode = FALSE
	EndGlobalSection
EndGlobal
