
Microsoft Visual Studio Solution File, Format Version 11.00
# Visual C# Express 2010
Project("{FAE04EC0-301F-11D3-BF4B-00C04F79EFBC}") = "job76", "job76\job76.csproj", "{F8ABB095-DD50-40B6-91BA-B4F74DCABB62}"
EndProject
Global
	GlobalSection(SolutionConfigurationPlatforms) = preSolution
		Debug|x86 = Debug|x86
		Release|x86 = Release|x86
	EndGlobalSection
	GlobalSection(ProjectConfigurationPlatforms) = postSolution
		{F8ABB095-DD50-40B6-91BA-B4F74DCABB62}.Debug|x86.ActiveCfg = Debug|x86
		{F8ABB095-DD50-40B6-91BA-B4F74DCABB62}.Debug|x86.Build.0 = Debug|x86
		{F8ABB095-DD50-40B6-91BA-B4F74DCABB62}.Release|x86.ActiveCfg = Release|x86
		{F8ABB095-DD50-40B6-91BA-B4F74DCABB62}.Release|x86.Build.0 = Release|x86
	EndGlobalSection
	GlobalSection(SolutionProperties) = preSolution
		HideSolutionNode = FALSE
	EndGlobalSection
EndGlobal
