
Microsoft Visual Studio Solution File, Format Version 11.00
# Visual C# Express 2010
Project("{FAE04EC0-301F-11D3-BF4B-00C04F79EFBC}") = "assign2a", "assign2a\assign2a.csproj", "{4EA02CDC-84C5-4732-B9AD-E64194E7BED5}"
EndProject
Global
	GlobalSection(SolutionConfigurationPlatforms) = preSolution
		Debug|x86 = Debug|x86
		Release|x86 = Release|x86
	EndGlobalSection
	GlobalSection(ProjectConfigurationPlatforms) = postSolution
		{4EA02CDC-84C5-4732-B9AD-E64194E7BED5}.Debug|x86.ActiveCfg = Debug|x86
		{4EA02CDC-84C5-4732-B9AD-E64194E7BED5}.Debug|x86.Build.0 = Debug|x86
		{4EA02CDC-84C5-4732-B9AD-E64194E7BED5}.Release|x86.ActiveCfg = Release|x86
		{4EA02CDC-84C5-4732-B9AD-E64194E7BED5}.Release|x86.Build.0 = Release|x86
	EndGlobalSection
	GlobalSection(SolutionProperties) = preSolution
		HideSolutionNode = FALSE
	EndGlobalSection
EndGlobal
