
Microsoft Visual Studio Solution File, Format Version 11.00
# Visual C# Express 2010
Project("{FAE04EC0-301F-11D3-BF4B-00C04F79EFBC}") = "job49", "job49\job49.csproj", "{32A1B32B-9997-40CF-9553-5BAA9CAA5D73}"
EndProject
Global
	GlobalSection(SolutionConfigurationPlatforms) = preSolution
		Debug|x86 = Debug|x86
		Release|x86 = Release|x86
	EndGlobalSection
	GlobalSection(ProjectConfigurationPlatforms) = postSolution
		{32A1B32B-9997-40CF-9553-5BAA9CAA5D73}.Debug|x86.ActiveCfg = Debug|x86
		{32A1B32B-9997-40CF-9553-5BAA9CAA5D73}.Debug|x86.Build.0 = Debug|x86
		{32A1B32B-9997-40CF-9553-5BAA9CAA5D73}.Release|x86.ActiveCfg = Release|x86
		{32A1B32B-9997-40CF-9553-5BAA9CAA5D73}.Release|x86.Build.0 = Release|x86
	EndGlobalSection
	GlobalSection(SolutionProperties) = preSolution
		HideSolutionNode = FALSE
	EndGlobalSection
EndGlobal
