
Microsoft Visual Studio Solution File, Format Version 11.00
# Visual C# Express 2010
Project("{FAE04EC0-301F-11D3-BF4B-00C04F79EFBC}") = "assignment4b", "assignment4b\assignment4b.csproj", "{F125E046-CE32-4BEA-83A0-651485ECC692}"
EndProject
Global
	GlobalSection(SolutionConfigurationPlatforms) = preSolution
		Debug|x86 = Debug|x86
		Release|x86 = Release|x86
	EndGlobalSection
	GlobalSection(ProjectConfigurationPlatforms) = postSolution
		{F125E046-CE32-4BEA-83A0-651485ECC692}.Debug|x86.ActiveCfg = Debug|x86
		{F125E046-CE32-4BEA-83A0-651485ECC692}.Debug|x86.Build.0 = Debug|x86
		{F125E046-CE32-4BEA-83A0-651485ECC692}.Release|x86.ActiveCfg = Release|x86
		{F125E046-CE32-4BEA-83A0-651485ECC692}.Release|x86.Build.0 = Release|x86
	EndGlobalSection
	GlobalSection(SolutionProperties) = preSolution
		HideSolutionNode = FALSE
	EndGlobalSection
EndGlobal
