
Microsoft Visual Studio Solution File, Format Version 11.00
# Visual C# Express 2010
Project("{FAE04EC0-301F-11D3-BF4B-00C04F79EFBC}") = "job73", "job73\job73.csproj", "{C795119F-B8DE-4372-80AC-B81F623ACEDB}"
EndProject
Global
	GlobalSection(SolutionConfigurationPlatforms) = preSolution
		Debug|x86 = Debug|x86
		Release|x86 = Release|x86
	EndGlobalSection
	GlobalSection(ProjectConfigurationPlatforms) = postSolution
		{C795119F-B8DE-4372-80AC-B81F623ACEDB}.Debug|x86.ActiveCfg = Debug|x86
		{C795119F-B8DE-4372-80AC-B81F623ACEDB}.Debug|x86.Build.0 = Debug|x86
		{C795119F-B8DE-4372-80AC-B81F623ACEDB}.Release|x86.ActiveCfg = Release|x86
		{C795119F-B8DE-4372-80AC-B81F623ACEDB}.Release|x86.Build.0 = Release|x86
	EndGlobalSection
	GlobalSection(SolutionProperties) = preSolution
		HideSolutionNode = FALSE
	EndGlobalSection
EndGlobal
