
Microsoft Visual Studio Solution File, Format Version 11.00
# Visual C# Express 2010
Project("{FAE04EC0-301F-11D3-BF4B-00C04F79EFBC}") = "assign1", "assign1\assign1.csproj", "{D2F64A52-1AF1-4774-A57C-DAEF36DA4414}"
EndProject
Global
	GlobalSection(SolutionConfigurationPlatforms) = preSolution
		Debug|x86 = Debug|x86
		Release|x86 = Release|x86
	EndGlobalSection
	GlobalSection(ProjectConfigurationPlatforms) = postSolution
		{D2F64A52-1AF1-4774-A57C-DAEF36DA4414}.Debug|x86.ActiveCfg = Debug|x86
		{D2F64A52-1AF1-4774-A57C-DAEF36DA4414}.Debug|x86.Build.0 = Debug|x86
		{D2F64A52-1AF1-4774-A57C-DAEF36DA4414}.Release|x86.ActiveCfg = Release|x86
		{D2F64A52-1AF1-4774-A57C-DAEF36DA4414}.Release|x86.Build.0 = Release|x86
	EndGlobalSection
	GlobalSection(SolutionProperties) = preSolution
		HideSolutionNode = FALSE
	EndGlobalSection
EndGlobal
